
Microsoft Visual Studio Solution File, Format Version 12.00
# Visual Studio Version 16
VisualStudioVersion = 16.0.30804.86
MinimumVisualStudioVersion = 10.0.40219.1
Project("{FAE04EC0-301F-11D3-BF4B-00C04F79EFBC}") = "BinaryTreeDemo", "BinaryTreeDemo\BinaryTreeDemo.csproj", "{4F5FED59-2B73-444D-877E-E00FE47E19D2}"
EndProject
Project("{FAE04EC0-301F-11D3-BF4B-00C04F79EFBC}") = "BinaryTreeTraversalDemo", "BinaryTreeTraversalDemo\BinaryTreeTraversalDemo.csproj", "{3B491321-2671-4F6D-B390-9DD4A0638995}"
EndProject
Global
	GlobalSection(SolutionConfigurationPlatforms) = preSolution
		Debug|Any CPU = Debug|Any CPU
		Release|Any CPU = Release|Any CPU
	EndGlobalSection
	GlobalSection(ProjectConfigurationPlatforms) = postSolution
		{4F5FED59-2B73-444D-877E-E00FE47E19D2}.Debug|Any CPU.ActiveCfg = Debug|Any CPU
		{4F5FED59-2B73-444D-877E-E00FE47E19D2}.Debug|Any CPU.Build.0 = Debug|Any CPU
		{4F5FED59-2B73-444D-877E-E00FE47E19D2}.Release|Any CPU.ActiveCfg = Release|Any CPU
		{4F5FED59-2B73-444D-877E-E00FE47E19D2}.Release|Any CPU.Build.0 = Release|Any CPU
		{3B491321-2671-4F6D-B390-9DD4A0638995}.Debug|Any CPU.ActiveCfg = Debug|Any CPU
		{3B491321-2671-4F6D-B390-9DD4A0638995}.Debug|Any CPU.Build.0 = Debug|Any CPU
		{3B491321-2671-4F6D-B390-9DD4A0638995}.Release|Any CPU.ActiveCfg = Release|Any CPU
		{3B491321-2671-4F6D-B390-9DD4A0638995}.Release|Any CPU.Build.0 = Release|Any CPU
	EndGlobalSection
	GlobalSection(SolutionProperties) = preSolution
		HideSolutionNode = FALSE
	EndGlobalSection
	GlobalSection(ExtensibilityGlobals) = postSolution
		SolutionGuid = {6506543B-B29E-4F60-89EE-FC14577B401A}
	EndGlobalSection
EndGlobal
